// !$*UTF8*$!
{
	archiveVersion = 1;
	classes = {
	};
	objectVersion = 56;
	objects = {

/* Begin PBXBuildFile section */
		4A311B2F2C557C4900A576B8 /* RouteMapTests.swift in Sources */ = {isa = PBXBuildFile; fileRef = 4A311B2E2C557C4900A576B8 /* RouteMapTests.swift */; };
		4A311B312C558E9800A576B8 /* RouteMapView_Previews.swift in Sources */ = {isa = PBXBuildFile; fileRef = 4A311B302C558E9800A576B8 /* RouteMapView_Previews.swift */; };
		4A311B332C55993E00A576B8 /* BezierInterpolatePoints.swift in Sources */ = {isa = PBXBuildFile; fileRef = 4A311B322C55993E00A576B8 /* BezierInterpolatePoints.swift */; };
		4A311B372C56AD8D00A576B8 /* Config.xcconfig in Resources */ = {isa = PBXBuildFile; fileRef = 4A311B362C56AD8D00A576B8 /* Config.xcconfig */; };
		4A34AC422C57B0FA0098EDE1 /* Orbitron-VariableFont_wght.ttf in Resources */ = {isa = PBXBuildFile; fileRef = 4A34AC412C57B0FA0098EDE1 /* Orbitron-VariableFont_wght.ttf */; };
		4A34AC552C57B10D0098EDE1 /* Barlow-ExtraBold.ttf in Resources */ = {isa = PBXBuildFile; fileRef = 4A34AC432C57B10B0098EDE1 /* Barlow-ExtraBold.ttf */; };
		4A34AC562C57B10D0098EDE1 /* Barlow-LightItalic.ttf in Resources */ = {isa = PBXBuildFile; fileRef = 4A34AC442C57B10C0098EDE1 /* Barlow-LightItalic.ttf */; };
		4A34AC572C57B10D0098EDE1 /* Barlow-BoldItalic.ttf in Resources */ = {isa = PBXBuildFile; fileRef = 4A34AC452C57B10C0098EDE1 /* Barlow-BoldItalic.ttf */; };
		4A34AC582C57B10D0098EDE1 /* Barlow-MediumItalic.ttf in Resources */ = {isa = PBXBuildFile; fileRef = 4A34AC462C57B10C0098EDE1 /* Barlow-MediumItalic.ttf */; };
		4A34AC592C57B10D0098EDE1 /* Barlow-Medium.ttf in Resources */ = {isa = PBXBuildFile; fileRef = 4A34AC472C57B10C0098EDE1 /* Barlow-Medium.ttf */; };
		4A34AC5A2C57B10D0098EDE1 /* Barlow-Light.ttf in Resources */ = {isa = PBXBuildFile; fileRef = 4A34AC482C57B10C0098EDE1 /* Barlow-Light.ttf */; };
		4A34AC5B2C57B10D0098EDE1 /* Barlow-Black.ttf in Resources */ = {isa = PBXBuildFile; fileRef = 4A34AC492C57B10C0098EDE1 /* Barlow-Black.ttf */; };
		4A34AC5C2C57B10D0098EDE1 /* Barlow-ExtraLightItalic.ttf in Resources */ = {isa = PBXBuildFile; fileRef = 4A34AC4A2C57B10C0098EDE1 /* Barlow-ExtraLightItalic.ttf */; };
		4A34AC5D2C57B10D0098EDE1 /* Barlow-Regular.ttf in Resources */ = {isa = PBXBuildFile; fileRef = 4A34AC4B2C57B10C0098EDE1 /* Barlow-Regular.ttf */; };
		4A34AC5E2C57B10D0098EDE1 /* Barlow-ExtraBoldItalic.ttf in Resources */ = {isa = PBXBuildFile; fileRef = 4A34AC4C2C57B10C0098EDE1 /* Barlow-ExtraBoldItalic.ttf */; };
		4A34AC5F2C57B10D0098EDE1 /* Barlow-ExtraLight.ttf in Resources */ = {isa = PBXBuildFile; fileRef = 4A34AC4D2C57B10C0098EDE1 /* Barlow-ExtraLight.ttf */; };
		4A34AC602C57B10D0098EDE1 /* Barlow-Italic.ttf in Resources */ = {isa = PBXBuildFile; fileRef = 4A34AC4E2C57B10C0098EDE1 /* Barlow-Italic.ttf */; };
		4A34AC612C57B10D0098EDE1 /* Barlow-BlackItalic.ttf in Resources */ = {isa = PBXBuildFile; fileRef = 4A34AC4F2C57B10D0098EDE1 /* Barlow-BlackItalic.ttf */; };
		4A34AC622C57B10D0098EDE1 /* Barlow-ThinItalic.ttf in Resources */ = {isa = PBXBuildFile; fileRef = 4A34AC502C57B10D0098EDE1 /* Barlow-ThinItalic.ttf */; };
		4A34AC632C57B10D0098EDE1 /* Barlow-SemiBoldItalic.ttf in Resources */ = {isa = PBXBuildFile; fileRef = 4A34AC512C57B10D0098EDE1 /* Barlow-SemiBoldItalic.ttf */; };
		4A34AC642C57B10D0098EDE1 /* Barlow-Bold.ttf in Resources */ = {isa = PBXBuildFile; fileRef = 4A34AC522C57B10D0098EDE1 /* Barlow-Bold.ttf */; };
		4A34AC652C57B10D0098EDE1 /* Barlow-SemiBold.ttf in Resources */ = {isa = PBXBuildFile; fileRef = 4A34AC532C57B10D0098EDE1 /* Barlow-SemiBold.ttf */; };
		4A34AC662C57B10D0098EDE1 /* Barlow-Thin.ttf in Resources */ = {isa = PBXBuildFile; fileRef = 4A34AC542C57B10D0098EDE1 /* Barlow-Thin.ttf */; };
		4A34AC692C57B11C0098EDE1 /* Univers LT 75 Black.ttf in Resources */ = {isa = PBXBuildFile; fileRef = 4A34AC672C57B11B0098EDE1 /* Univers LT 75 Black.ttf */; };
		4A34AC6A2C57B11C0098EDE1 /* Univers LT 45 Light.ttf in Resources */ = {isa = PBXBuildFile; fileRef = 4A34AC682C57B11C0098EDE1 /* Univers LT 45 Light.ttf */; };
		4A92EF502C50759C005083C5 /* SpeedView.swift in Sources */ = {isa = PBXBuildFile; fileRef = 4A92EF4F2C50759B005083C5 /* SpeedView.swift */; };
		4A92EF522C5075C5005083C5 /* SettingsView.swift in Sources */ = {isa = PBXBuildFile; fileRef = 4A92EF512C5075C5005083C5 /* SettingsView.swift */; };
		4A92EF542C507714005083C5 /* Previews.swift in Sources */ = {isa = PBXBuildFile; fileRef = 4A92EF532C507714005083C5 /* Previews.swift */; };
		4A92EF562C50772F005083C5 /* Extensions.swift in Sources */ = {isa = PBXBuildFile; fileRef = 4A92EF552C50772F005083C5 /* Extensions.swift */; };
		4A92EF5C2C51B52F005083C5 /* RouteMapView.swift in Sources */ = {isa = PBXBuildFile; fileRef = 4A92EF5B2C51B52F005083C5 /* RouteMapView.swift */; };
		4A92EF5E2C52450B005083C5 /* MapButtons.swift in Sources */ = {isa = PBXBuildFile; fileRef = 4A92EF5D2C52450B005083C5 /* MapButtons.swift */; };
		4AA2DEDC2C4AC3AC0065448C /* BikeComputerApp.swift in Sources */ = {isa = PBXBuildFile; fileRef = 4AA2DEDB2C4AC3AC0065448C /* BikeComputerApp.swift */; };
		4AA2DEDE2C4AC3AC0065448C /* ContentView.swift in Sources */ = {isa = PBXBuildFile; fileRef = 4AA2DEDD2C4AC3AC0065448C /* ContentView.swift */; };
		4AA2DEE02C4AC3AE0065448C /* Assets.xcassets in Resources */ = {isa = PBXBuildFile; fileRef = 4AA2DEDF2C4AC3AE0065448C /* Assets.xcassets */; };
		4AA2DEE32C4AC3AE0065448C /* Preview Assets.xcassets in Resources */ = {isa = PBXBuildFile; fileRef = 4AA2DEE22C4AC3AE0065448C /* Preview Assets.xcassets */; };
		4AA2DEED2C4AC3AE0065448C /* BikeComputerTests.swift in Sources */ = {isa = PBXBuildFile; fileRef = 4AA2DEEC2C4AC3AE0065448C /* BikeComputerTests.swift */; };
		4AA2DEF72C4AC3AE0065448C /* BikeComputerUITests.swift in Sources */ = {isa = PBXBuildFile; fileRef = 4AA2DEF62C4AC3AE0065448C /* BikeComputerUITests.swift */; };
		4AA2DEF92C4AC3AE0065448C /* BikeComputerUITestsLaunchTests.swift in Sources */ = {isa = PBXBuildFile; fileRef = 4AA2DEF82C4AC3AE0065448C /* BikeComputerUITestsLaunchTests.swift */; };
		4AABFE5C2C4D939C00CCFBDB /* LocationManager.swift in Sources */ = {isa = PBXBuildFile; fileRef = 4AABFE5B2C4D939C00CCFBDB /* LocationManager.swift */; };
		4AABFE672C4E762200CCFBDB /* RouteManager.swift in Sources */ = {isa = PBXBuildFile; fileRef = 4AABFE662C4E762200CCFBDB /* RouteManager.swift */; };
		4AAE43162C4FDFC6000DC321 /* BatteryManager.swift in Sources */ = {isa = PBXBuildFile; fileRef = 4AAE43152C4FDFC6000DC321 /* BatteryManager.swift */; };
		4AAE43182C5051A9000DC321 /* RoutesView.swift in Sources */ = {isa = PBXBuildFile; fileRef = 4AAE43172C5051A9000DC321 /* RoutesView.swift */; };
		4AC46AB12C5AA66C0085CE5C /* MyPosition.swift in Sources */ = {isa = PBXBuildFile; fileRef = 4AC46AB02C5AA66C0085CE5C /* MyPosition.swift */; };
		4AF97DC92C57731A00D5EE36 /* Documentation.docc in Sources */ = {isa = PBXBuildFile; fileRef = 4AF97DC82C57731A00D5EE36 /* Documentation.docc */; };
		4AF97DCB2C57850F00D5EE36 /* LocationManagerTests.swift in Sources */ = {isa = PBXBuildFile; fileRef = 4AF97DCA2C57850F00D5EE36 /* LocationManagerTests.swift */; };
/* End PBXBuildFile section */

/* Begin PBXContainerItemProxy section */
		4AA2DEE92C4AC3AE0065448C /* PBXContainerItemProxy */ = {
			isa = PBXContainerItemProxy;
			containerPortal = 4AA2DED02C4AC3AC0065448C /* Project object */;
			proxyType = 1;
			remoteGlobalIDString = 4AA2DED72C4AC3AC0065448C;
			remoteInfo = BikeComputer;
		};
		4AA2DEF32C4AC3AE0065448C /* PBXContainerItemProxy */ = {
			isa = PBXContainerItemProxy;
			containerPortal = 4AA2DED02C4AC3AC0065448C /* Project object */;
			proxyType = 1;
			remoteGlobalIDString = 4AA2DED72C4AC3AC0065448C;
			remoteInfo = BikeComputer;
		};
/* End PBXContainerItemProxy section */

/* Begin PBXFileReference section */
		4A311B2E2C557C4900A576B8 /* RouteMapTests.swift */ = {isa = PBXFileReference; lastKnownFileType = sourcecode.swift; path = RouteMapTests.swift; sourceTree = "<group>"; };
		4A311B302C558E9800A576B8 /* RouteMapView_Previews.swift */ = {isa = PBXFileReference; lastKnownFileType = sourcecode.swift; path = RouteMapView_Previews.swift; sourceTree = "<group>"; };
		4A311B322C55993E00A576B8 /* BezierInterpolatePoints.swift */ = {isa = PBXFileReference; lastKnownFileType = sourcecode.swift; path = BezierInterpolatePoints.swift; sourceTree = "<group>"; };
		4A311B362C56AD8D00A576B8 /* Config.xcconfig */ = {isa = PBXFileReference; lastKnownFileType = text.xcconfig; path = Config.xcconfig; sourceTree = "<group>"; };
		4A34AC412C57B0FA0098EDE1 /* Orbitron-VariableFont_wght.ttf */ = {isa = PBXFileReference; lastKnownFileType = file; path = "Orbitron-VariableFont_wght.ttf"; sourceTree = "<group>"; };
		4A34AC432C57B10B0098EDE1 /* Barlow-ExtraBold.ttf */ = {isa = PBXFileReference; lastKnownFileType = file; path = "Barlow-ExtraBold.ttf"; sourceTree = "<group>"; };
		4A34AC442C57B10C0098EDE1 /* Barlow-LightItalic.ttf */ = {isa = PBXFileReference; lastKnownFileType = file; path = "Barlow-LightItalic.ttf"; sourceTree = "<group>"; };
		4A34AC452C57B10C0098EDE1 /* Barlow-BoldItalic.ttf */ = {isa = PBXFileReference; lastKnownFileType = file; path = "Barlow-BoldItalic.ttf"; sourceTree = "<group>"; };
		4A34AC462C57B10C0098EDE1 /* Barlow-MediumItalic.ttf */ = {isa = PBXFileReference; lastKnownFileType = file; path = "Barlow-MediumItalic.ttf"; sourceTree = "<group>"; };
		4A34AC472C57B10C0098EDE1 /* Barlow-Medium.ttf */ = {isa = PBXFileReference; lastKnownFileType = file; path = "Barlow-Medium.ttf"; sourceTree = "<group>"; };
		4A34AC482C57B10C0098EDE1 /* Barlow-Light.ttf */ = {isa = PBXFileReference; lastKnownFileType = file; path = "Barlow-Light.ttf"; sourceTree = "<group>"; };
		4A34AC492C57B10C0098EDE1 /* Barlow-Black.ttf */ = {isa = PBXFileReference; lastKnownFileType = file; path = "Barlow-Black.ttf"; sourceTree = "<group>"; };
		4A34AC4A2C57B10C0098EDE1 /* Barlow-ExtraLightItalic.ttf */ = {isa = PBXFileReference; lastKnownFileType = file; path = "Barlow-ExtraLightItalic.ttf"; sourceTree = "<group>"; };
		4A34AC4B2C57B10C0098EDE1 /* Barlow-Regular.ttf */ = {isa = PBXFileReference; lastKnownFileType = file; path = "Barlow-Regular.ttf"; sourceTree = "<group>"; };
		4A34AC4C2C57B10C0098EDE1 /* Barlow-ExtraBoldItalic.ttf */ = {isa = PBXFileReference; lastKnownFileType = file; path = "Barlow-ExtraBoldItalic.ttf"; sourceTree = "<group>"; };
		4A34AC4D2C57B10C0098EDE1 /* Barlow-ExtraLight.ttf */ = {isa = PBXFileReference; lastKnownFileType = file; path = "Barlow-ExtraLight.ttf"; sourceTree = "<group>"; };
		4A34AC4E2C57B10C0098EDE1 /* Barlow-Italic.ttf */ = {isa = PBXFileReference; lastKnownFileType = file; path = "Barlow-Italic.ttf"; sourceTree = "<group>"; };
		4A34AC4F2C57B10D0098EDE1 /* Barlow-BlackItalic.ttf */ = {isa = PBXFileReference; lastKnownFileType = file; path = "Barlow-BlackItalic.ttf"; sourceTree = "<group>"; };
		4A34AC502C57B10D0098EDE1 /* Barlow-ThinItalic.ttf */ = {isa = PBXFileReference; lastKnownFileType = file; path = "Barlow-ThinItalic.ttf"; sourceTree = "<group>"; };
		4A34AC512C57B10D0098EDE1 /* Barlow-SemiBoldItalic.ttf */ = {isa = PBXFileReference; lastKnownFileType = file; path = "Barlow-SemiBoldItalic.ttf"; sourceTree = "<group>"; };
		4A34AC522C57B10D0098EDE1 /* Barlow-Bold.ttf */ = {isa = PBXFileReference; lastKnownFileType = file; path = "Barlow-Bold.ttf"; sourceTree = "<group>"; };
		4A34AC532C57B10D0098EDE1 /* Barlow-SemiBold.ttf */ = {isa = PBXFileReference; lastKnownFileType = file; path = "Barlow-SemiBold.ttf"; sourceTree = "<group>"; };
		4A34AC542C57B10D0098EDE1 /* Barlow-Thin.ttf */ = {isa = PBXFileReference; lastKnownFileType = file; path = "Barlow-Thin.ttf"; sourceTree = "<group>"; };
		4A34AC672C57B11B0098EDE1 /* Univers LT 75 Black.ttf */ = {isa = PBXFileReference; lastKnownFileType = file; path = "Univers LT 75 Black.ttf"; sourceTree = "<group>"; };
		4A34AC682C57B11C0098EDE1 /* Univers LT 45 Light.ttf */ = {isa = PBXFileReference; lastKnownFileType = file; path = "Univers LT 45 Light.ttf"; sourceTree = "<group>"; };
		4A92EF4F2C50759B005083C5 /* SpeedView.swift */ = {isa = PBXFileReference; lastKnownFileType = sourcecode.swift; path = SpeedView.swift; sourceTree = "<group>"; };
		4A92EF512C5075C5005083C5 /* SettingsView.swift */ = {isa = PBXFileReference; lastKnownFileType = sourcecode.swift; path = SettingsView.swift; sourceTree = "<group>"; };
		4A92EF532C507714005083C5 /* Previews.swift */ = {isa = PBXFileReference; lastKnownFileType = sourcecode.swift; path = Previews.swift; sourceTree = "<group>"; };
		4A92EF552C50772F005083C5 /* Extensions.swift */ = {isa = PBXFileReference; lastKnownFileType = sourcecode.swift; path = Extensions.swift; sourceTree = "<group>"; };
		4A92EF5B2C51B52F005083C5 /* RouteMapView.swift */ = {isa = PBXFileReference; lastKnownFileType = sourcecode.swift; path = RouteMapView.swift; sourceTree = "<group>"; };
		4A92EF5D2C52450B005083C5 /* MapButtons.swift */ = {isa = PBXFileReference; lastKnownFileType = sourcecode.swift; path = MapButtons.swift; sourceTree = "<group>"; };
		4AA2DED82C4AC3AC0065448C /* BikeComputer.app */ = {isa = PBXFileReference; explicitFileType = wrapper.application; includeInIndex = 0; path = BikeComputer.app; sourceTree = BUILT_PRODUCTS_DIR; };
		4AA2DEDB2C4AC3AC0065448C /* BikeComputerApp.swift */ = {isa = PBXFileReference; lastKnownFileType = sourcecode.swift; path = BikeComputerApp.swift; sourceTree = "<group>"; };
		4AA2DEDD2C4AC3AC0065448C /* ContentView.swift */ = {isa = PBXFileReference; lastKnownFileType = sourcecode.swift; path = ContentView.swift; sourceTree = "<group>"; };
		4AA2DEDF2C4AC3AE0065448C /* Assets.xcassets */ = {isa = PBXFileReference; lastKnownFileType = folder.assetcatalog; path = Assets.xcassets; sourceTree = "<group>"; };
		4AA2DEE22C4AC3AE0065448C /* Preview Assets.xcassets */ = {isa = PBXFileReference; lastKnownFileType = folder.assetcatalog; path = "Preview Assets.xcassets"; sourceTree = "<group>"; };
		4AA2DEE82C4AC3AE0065448C /* BikeComputerTests.xctest */ = {isa = PBXFileReference; explicitFileType = wrapper.cfbundle; includeInIndex = 0; path = BikeComputerTests.xctest; sourceTree = BUILT_PRODUCTS_DIR; };
		4AA2DEEC2C4AC3AE0065448C /* BikeComputerTests.swift */ = {isa = PBXFileReference; lastKnownFileType = sourcecode.swift; path = BikeComputerTests.swift; sourceTree = "<group>"; };
		4AA2DEF22C4AC3AE0065448C /* BikeComputerUITests.xctest */ = {isa = PBXFileReference; explicitFileType = wrapper.cfbundle; includeInIndex = 0; path = BikeComputerUITests.xctest; sourceTree = BUILT_PRODUCTS_DIR; };
		4AA2DEF62C4AC3AE0065448C /* BikeComputerUITests.swift */ = {isa = PBXFileReference; lastKnownFileType = sourcecode.swift; path = BikeComputerUITests.swift; sourceTree = "<group>"; };
		4AA2DEF82C4AC3AE0065448C /* BikeComputerUITestsLaunchTests.swift */ = {isa = PBXFileReference; lastKnownFileType = sourcecode.swift; path = BikeComputerUITestsLaunchTests.swift; sourceTree = "<group>"; };
		4AABFE5A2C4D417D00CCFBDB /* Info.plist */ = {isa = PBXFileReference; lastKnownFileType = text.plist; path = Info.plist; sourceTree = "<group>"; };
		4AABFE5B2C4D939C00CCFBDB /* LocationManager.swift */ = {isa = PBXFileReference; lastKnownFileType = sourcecode.swift; path = LocationManager.swift; sourceTree = "<group>"; };
		4AABFE5D2C4D957B00CCFBDB /* Info.plist */ = {isa = PBXFileReference; lastKnownFileType = text.plist; path = Info.plist; sourceTree = "<group>"; };
		4AABFE662C4E762200CCFBDB /* RouteManager.swift */ = {isa = PBXFileReference; lastKnownFileType = sourcecode.swift; path = RouteManager.swift; sourceTree = "<group>"; };
		4AAE43152C4FDFC6000DC321 /* BatteryManager.swift */ = {isa = PBXFileReference; lastKnownFileType = sourcecode.swift; path = BatteryManager.swift; sourceTree = "<group>"; };
		4AAE43172C5051A9000DC321 /* RoutesView.swift */ = {isa = PBXFileReference; lastKnownFileType = sourcecode.swift; path = RoutesView.swift; sourceTree = "<group>"; };
		4AC46AB02C5AA66C0085CE5C /* MyPosition.swift */ = {isa = PBXFileReference; lastKnownFileType = sourcecode.swift; path = MyPosition.swift; sourceTree = "<group>"; };
		4AF97DC72C57661400D5EE36 /* UpdataBuildBumberScript.sh */ = {isa = PBXFileReference; lastKnownFileType = text.script.sh; path = UpdataBuildBumberScript.sh; sourceTree = "<group>"; };
		4AF97DC82C57731A00D5EE36 /* Documentation.docc */ = {isa = PBXFileReference; lastKnownFileType = folder.documentationcatalog; path = Documentation.docc; sourceTree = "<group>"; };
		4AF97DCA2C57850F00D5EE36 /* LocationManagerTests.swift */ = {isa = PBXFileReference; lastKnownFileType = sourcecode.swift; path = LocationManagerTests.swift; sourceTree = "<group>"; };
/* End PBXFileReference section */

/* Begin PBXFrameworksBuildPhase section */
		4AA2DED52C4AC3AC0065448C /* Frameworks */ = {
			isa = PBXFrameworksBuildPhase;
			buildActionMask = 2147483647;
			files = (
			);
			runOnlyForDeploymentPostprocessing = 0;
		};
		4AA2DEE52C4AC3AE0065448C /* Frameworks */ = {
			isa = PBXFrameworksBuildPhase;
			buildActionMask = 2147483647;
			files = (
			);
			runOnlyForDeploymentPostprocessing = 0;
		};
		4AA2DEEF2C4AC3AE0065448C /* Frameworks */ = {
			isa = PBXFrameworksBuildPhase;
			buildActionMask = 2147483647;
			files = (
			);
			runOnlyForDeploymentPostprocessing = 0;
		};
/* End PBXFrameworksBuildPhase section */

/* Begin PBXGroup section */
		4A34AC402C57B0320098EDE1 /* fonts */ = {
			isa = PBXGroup;
			children = (
				4A34AC682C57B11C0098EDE1 /* Univers LT 45 Light.ttf */,
				4A34AC672C57B11B0098EDE1 /* Univers LT 75 Black.ttf */,
				4A34AC492C57B10C0098EDE1 /* Barlow-Black.ttf */,
				4A34AC4F2C57B10D0098EDE1 /* Barlow-BlackItalic.ttf */,
				4A34AC522C57B10D0098EDE1 /* Barlow-Bold.ttf */,
				4A34AC452C57B10C0098EDE1 /* Barlow-BoldItalic.ttf */,
				4A34AC432C57B10B0098EDE1 /* Barlow-ExtraBold.ttf */,
				4A34AC4C2C57B10C0098EDE1 /* Barlow-ExtraBoldItalic.ttf */,
				4A34AC4D2C57B10C0098EDE1 /* Barlow-ExtraLight.ttf */,
				4A34AC4A2C57B10C0098EDE1 /* Barlow-ExtraLightItalic.ttf */,
				4A34AC4E2C57B10C0098EDE1 /* Barlow-Italic.ttf */,
				4A34AC482C57B10C0098EDE1 /* Barlow-Light.ttf */,
				4A34AC442C57B10C0098EDE1 /* Barlow-LightItalic.ttf */,
				4A34AC472C57B10C0098EDE1 /* Barlow-Medium.ttf */,
				4A34AC462C57B10C0098EDE1 /* Barlow-MediumItalic.ttf */,
				4A34AC4B2C57B10C0098EDE1 /* Barlow-Regular.ttf */,
				4A34AC532C57B10D0098EDE1 /* Barlow-SemiBold.ttf */,
				4A34AC512C57B10D0098EDE1 /* Barlow-SemiBoldItalic.ttf */,
				4A34AC542C57B10D0098EDE1 /* Barlow-Thin.ttf */,
				4A34AC502C57B10D0098EDE1 /* Barlow-ThinItalic.ttf */,
				4A34AC412C57B0FA0098EDE1 /* Orbitron-VariableFont_wght.ttf */,
			);
			path = fonts;
			sourceTree = "<group>";
		};
		4A92EF5F2C52C342005083C5 /* Components */ = {
			isa = PBXGroup;
			children = (
				4AABFE662C4E762200CCFBDB /* RouteManager.swift */,
				4A92EF532C507714005083C5 /* Previews.swift */,
				4AABFE5B2C4D939C00CCFBDB /* LocationManager.swift */,
				4AAE43152C4FDFC6000DC321 /* BatteryManager.swift */,
				4A92EF552C50772F005083C5 /* Extensions.swift */,
			);
			path = Components;
			sourceTree = "<group>";
		};
		4A92EF602C52C358005083C5 /* Route */ = {
			isa = PBXGroup;
			children = (
				4A92EF5D2C52450B005083C5 /* MapButtons.swift */,
				4AAE43172C5051A9000DC321 /* RoutesView.swift */,
				4A92EF5B2C51B52F005083C5 /* RouteMapView.swift */,
				4A311B302C558E9800A576B8 /* RouteMapView_Previews.swift */,
				4A311B322C55993E00A576B8 /* BezierInterpolatePoints.swift */,
			);
			path = Route;
			sourceTree = "<group>";
		};
		4A92EF612C52C38E005083C5 /* Speed */ = {
			isa = PBXGroup;
			children = (
				4A92EF4F2C50759B005083C5 /* SpeedView.swift */,
			);
			path = Speed;
			sourceTree = "<group>";
		};
		4A92EF622C52C3B9005083C5 /* Settings */ = {
			isa = PBXGroup;
			children = (
				4A92EF512C5075C5005083C5 /* SettingsView.swift */,
			);
			path = Settings;
			sourceTree = "<group>";
		};
		4AA2DECF2C4AC3AC0065448C = {
			isa = PBXGroup;
			children = (
				4AF97DC82C57731A00D5EE36 /* Documentation.docc */,
				4AF97DC72C57661400D5EE36 /* UpdataBuildBumberScript.sh */,
				4A311B362C56AD8D00A576B8 /* Config.xcconfig */,
				4AA2DEDA2C4AC3AC0065448C /* BikeComputer */,
				4AA2DEEB2C4AC3AE0065448C /* BikeComputerTests */,
				4AA2DEF52C4AC3AE0065448C /* BikeComputerUITests */,
				4AA2DED92C4AC3AC0065448C /* Products */,
			);
			sourceTree = "<group>";
		};
		4AA2DED92C4AC3AC0065448C /* Products */ = {
			isa = PBXGroup;
			children = (
				4AA2DED82C4AC3AC0065448C /* BikeComputer.app */,
				4AA2DEE82C4AC3AE0065448C /* BikeComputerTests.xctest */,
				4AA2DEF22C4AC3AE0065448C /* BikeComputerUITests.xctest */,
			);
			name = Products;
			sourceTree = "<group>";
		};
		4AA2DEDA2C4AC3AC0065448C /* BikeComputer */ = {
			isa = PBXGroup;
			children = (
				4AC46AB02C5AA66C0085CE5C /* MyPosition.swift */,
				4AC46AAF2C5AA6510085CE5C /* MyPosition */,
				4A34AC402C57B0320098EDE1 /* fonts */,
				4A92EF622C52C3B9005083C5 /* Settings */,
				4A92EF612C52C38E005083C5 /* Speed */,
				4A92EF602C52C358005083C5 /* Route */,
				4A92EF5F2C52C342005083C5 /* Components */,
				4AABFE5A2C4D417D00CCFBDB /* Info.plist */,
				4AA2DEDB2C4AC3AC0065448C /* BikeComputerApp.swift */,
				4AA2DEDD2C4AC3AC0065448C /* ContentView.swift */,
				4AA2DEDF2C4AC3AE0065448C /* Assets.xcassets */,
				4AA2DEE12C4AC3AE0065448C /* Preview Content */,
			);
			path = BikeComputer;
			sourceTree = "<group>";
		};
		4AA2DEE12C4AC3AE0065448C /* Preview Content */ = {
			isa = PBXGroup;
			children = (
				4AA2DEE22C4AC3AE0065448C /* Preview Assets.xcassets */,
			);
			path = "Preview Content";
			sourceTree = "<group>";
		};
		4AA2DEEB2C4AC3AE0065448C /* BikeComputerTests */ = {
			isa = PBXGroup;
			children = (
				4AABFE5D2C4D957B00CCFBDB /* Info.plist */,
				4AA2DEEC2C4AC3AE0065448C /* BikeComputerTests.swift */,
				4A311B2E2C557C4900A576B8 /* RouteMapTests.swift */,
				4AF97DCA2C57850F00D5EE36 /* LocationManagerTests.swift */,
			);
			path = BikeComputerTests;
			sourceTree = "<group>";
		};
		4AA2DEF52C4AC3AE0065448C /* BikeComputerUITests */ = {
			isa = PBXGroup;
			children = (
				4AA2DEF62C4AC3AE0065448C /* BikeComputerUITests.swift */,
				4AA2DEF82C4AC3AE0065448C /* BikeComputerUITestsLaunchTests.swift */,
			);
			path = BikeComputerUITests;
			sourceTree = "<group>";
		};
		4AC46AAF2C5AA6510085CE5C /* MyPosition */ = {
			isa = PBXGroup;
			children = (
			);
			path = MyPosition;
			sourceTree = "<group>";
		};
/* End PBXGroup section */

/* Begin PBXNativeTarget section */
		4AA2DED72C4AC3AC0065448C /* BikeComputer */ = {
			isa = PBXNativeTarget;
			buildConfigurationList = 4AA2DEFC2C4AC3AE0065448C /* Build configuration list for PBXNativeTarget "BikeComputer" */;
			buildPhases = (
				4AA2DED42C4AC3AC0065448C /* Sources */,
				4AA2DED52C4AC3AC0065448C /* Frameworks */,
				4AA2DED62C4AC3AC0065448C /* Resources */,
			);
			buildRules = (
			);
			dependencies = (
			);
			name = BikeComputer;
			productName = BikeComputer;
			productReference = 4AA2DED82C4AC3AC0065448C /* BikeComputer.app */;
			productType = "com.apple.product-type.application";
		};
		4AA2DEE72C4AC3AE0065448C /* BikeComputerTests */ = {
			isa = PBXNativeTarget;
			buildConfigurationList = 4AA2DEFF2C4AC3AE0065448C /* Build configuration list for PBXNativeTarget "BikeComputerTests" */;
			buildPhases = (
				4AA2DEE42C4AC3AE0065448C /* Sources */,
				4AA2DEE52C4AC3AE0065448C /* Frameworks */,
				4AA2DEE62C4AC3AE0065448C /* Resources */,
			);
			buildRules = (
			);
			dependencies = (
				4AA2DEEA2C4AC3AE0065448C /* PBXTargetDependency */,
			);
			name = BikeComputerTests;
			productName = BikeComputerTests;
			productReference = 4AA2DEE82C4AC3AE0065448C /* BikeComputerTests.xctest */;
			productType = "com.apple.product-type.bundle.unit-test";
		};
		4AA2DEF12C4AC3AE0065448C /* BikeComputerUITests */ = {
			isa = PBXNativeTarget;
			buildConfigurationList = 4AA2DF022C4AC3AE0065448C /* Build configuration list for PBXNativeTarget "BikeComputerUITests" */;
			buildPhases = (
				4AA2DEEE2C4AC3AE0065448C /* Sources */,
				4AA2DEEF2C4AC3AE0065448C /* Frameworks */,
				4AA2DEF02C4AC3AE0065448C /* Resources */,
			);
			buildRules = (
			);
			dependencies = (
				4AA2DEF42C4AC3AE0065448C /* PBXTargetDependency */,
			);
			name = BikeComputerUITests;
			productName = BikeComputerUITests;
			productReference = 4AA2DEF22C4AC3AE0065448C /* BikeComputerUITests.xctest */;
			productType = "com.apple.product-type.bundle.ui-testing";
		};
/* End PBXNativeTarget section */

/* Begin PBXProject section */
		4AA2DED02C4AC3AC0065448C /* Project object */ = {
			isa = PBXProject;
			attributes = {
				BuildIndependentTargetsInParallel = 1;
				LastSwiftUpdateCheck = 1540;
				LastUpgradeCheck = 1540;
				TargetAttributes = {
					4AA2DED72C4AC3AC0065448C = {
						CreatedOnToolsVersion = 15.4;
					};
					4AA2DEE72C4AC3AE0065448C = {
						CreatedOnToolsVersion = 15.4;
						TestTargetID = 4AA2DED72C4AC3AC0065448C;
					};
					4AA2DEF12C4AC3AE0065448C = {
						CreatedOnToolsVersion = 15.4;
						TestTargetID = 4AA2DED72C4AC3AC0065448C;
					};
				};
			};
			buildConfigurationList = 4AA2DED32C4AC3AC0065448C /* Build configuration list for PBXProject "BikeComputer" */;
			compatibilityVersion = "Xcode 14.0";
			developmentRegion = en;
			hasScannedForEncodings = 0;
			knownRegions = (
				en,
				Base,
			);
			mainGroup = 4AA2DECF2C4AC3AC0065448C;
			productRefGroup = 4AA2DED92C4AC3AC0065448C /* Products */;
			projectDirPath = "";
			projectRoot = "";
			targets = (
				4AA2DED72C4AC3AC0065448C /* BikeComputer */,
				4AA2DEE72C4AC3AE0065448C /* BikeComputerTests */,
				4AA2DEF12C4AC3AE0065448C /* BikeComputerUITests */,
			);
		};
/* End PBXProject section */

/* Begin PBXResourcesBuildPhase section */
		4AA2DED62C4AC3AC0065448C /* Resources */ = {
			isa = PBXResourcesBuildPhase;
			buildActionMask = 2147483647;
			files = (
				4A34AC6A2C57B11C0098EDE1 /* Univers LT 45 Light.ttf in Resources */,
				4A34AC562C57B10D0098EDE1 /* Barlow-LightItalic.ttf in Resources */,
				4A34AC592C57B10D0098EDE1 /* Barlow-Medium.ttf in Resources */,
				4A34AC422C57B0FA0098EDE1 /* Orbitron-VariableFont_wght.ttf in Resources */,
				4A34AC5E2C57B10D0098EDE1 /* Barlow-ExtraBoldItalic.ttf in Resources */,
				4A311B372C56AD8D00A576B8 /* Config.xcconfig in Resources */,
				4A34AC692C57B11C0098EDE1 /* Univers LT 75 Black.ttf in Resources */,
				4A34AC5F2C57B10D0098EDE1 /* Barlow-ExtraLight.ttf in Resources */,
				4A34AC662C57B10D0098EDE1 /* Barlow-Thin.ttf in Resources */,
				4A34AC5D2C57B10D0098EDE1 /* Barlow-Regular.ttf in Resources */,
				4A34AC612C57B10D0098EDE1 /* Barlow-BlackItalic.ttf in Resources */,
				4A34AC622C57B10D0098EDE1 /* Barlow-ThinItalic.ttf in Resources */,
				4A34AC602C57B10D0098EDE1 /* Barlow-Italic.ttf in Resources */,
				4AA2DEE32C4AC3AE0065448C /* Preview Assets.xcassets in Resources */,
				4A34AC572C57B10D0098EDE1 /* Barlow-BoldItalic.ttf in Resources */,
				4A34AC5A2C57B10D0098EDE1 /* Barlow-Light.ttf in Resources */,
				4A34AC632C57B10D0098EDE1 /* Barlow-SemiBoldItalic.ttf in Resources */,
				4A34AC552C57B10D0098EDE1 /* Barlow-ExtraBold.ttf in Resources */,
				4A34AC582C57B10D0098EDE1 /* Barlow-MediumItalic.ttf in Resources */,
				4A34AC642C57B10D0098EDE1 /* Barlow-Bold.ttf in Resources */,
				4A34AC5C2C57B10D0098EDE1 /* Barlow-ExtraLightItalic.ttf in Resources */,
				4A34AC5B2C57B10D0098EDE1 /* Barlow-Black.ttf in Resources */,
				4A34AC652C57B10D0098EDE1 /* Barlow-SemiBold.ttf in Resources */,
				4AA2DEE02C4AC3AE0065448C /* Assets.xcassets in Resources */,
			);
			runOnlyForDeploymentPostprocessing = 0;
		};
		4AA2DEE62C4AC3AE0065448C /* Resources */ = {
			isa = PBXResourcesBuildPhase;
			buildActionMask = 2147483647;
			files = (
			);
			runOnlyForDeploymentPostprocessing = 0;
		};
		4AA2DEF02C4AC3AE0065448C /* Resources */ = {
			isa = PBXResourcesBuildPhase;
			buildActionMask = 2147483647;
			files = (
			);
			runOnlyForDeploymentPostprocessing = 0;
		};
/* End PBXResourcesBuildPhase section */

/* Begin PBXSourcesBuildPhase section */
		4AA2DED42C4AC3AC0065448C /* Sources */ = {
			isa = PBXSourcesBuildPhase;
			buildActionMask = 2147483647;
			files = (
				4A311B312C558E9800A576B8 /* RouteMapView_Previews.swift in Sources */,
				4A92EF502C50759C005083C5 /* SpeedView.swift in Sources */,
				4A92EF522C5075C5005083C5 /* SettingsView.swift in Sources */,
				4AABFE5C2C4D939C00CCFBDB /* LocationManager.swift in Sources */,
				4AA2DEDE2C4AC3AC0065448C /* ContentView.swift in Sources */,
				4AA2DEDC2C4AC3AC0065448C /* BikeComputerApp.swift in Sources */,
				4AC46AB12C5AA66C0085CE5C /* MyPosition.swift in Sources */,
				4A92EF562C50772F005083C5 /* Extensions.swift in Sources */,
				4A92EF5C2C51B52F005083C5 /* RouteMapView.swift in Sources */,
				4AAE43162C4FDFC6000DC321 /* BatteryManager.swift in Sources */,
				4A311B332C55993E00A576B8 /* BezierInterpolatePoints.swift in Sources */,
				4A92EF5E2C52450B005083C5 /* MapButtons.swift in Sources */,
				4AAE43182C5051A9000DC321 /* RoutesView.swift in Sources */,
				4A92EF542C507714005083C5 /* Previews.swift in Sources */,
				4AF97DC92C57731A00D5EE36 /* Documentation.docc in Sources */,
				4AABFE672C4E762200CCFBDB /* RouteManager.swift in Sources */,
			);
			runOnlyForDeploymentPostprocessing = 0;
		};
		4AA2DEE42C4AC3AE0065448C /* Sources */ = {
			isa = PBXSourcesBuildPhase;
			buildActionMask = 2147483647;
			files = (
				4AF97DCB2C57850F00D5EE36 /* LocationManagerTests.swift in Sources */,
				4A311B2F2C557C4900A576B8 /* RouteMapTests.swift in Sources */,
				4AA2DEED2C4AC3AE0065448C /* BikeComputerTests.swift in Sources */,
			);
			runOnlyForDeploymentPostprocessing = 0;
		};
		4AA2DEEE2C4AC3AE0065448C /* Sources */ = {
			isa = PBXSourcesBuildPhase;
			buildActionMask = 2147483647;
			files = (
				4AA2DEF92C4AC3AE0065448C /* BikeComputerUITestsLaunchTests.swift in Sources */,
				4AA2DEF72C4AC3AE0065448C /* BikeComputerUITests.swift in Sources */,
			);
			runOnlyForDeploymentPostprocessing = 0;
		};
/* End PBXSourcesBuildPhase section */

/* Begin PBXTargetDependency section */
		4AA2DEEA2C4AC3AE0065448C /* PBXTargetDependency */ = {
			isa = PBXTargetDependency;
			target = 4AA2DED72C4AC3AC0065448C /* BikeComputer */;
			targetProxy = 4AA2DEE92C4AC3AE0065448C /* PBXContainerItemProxy */;
		};
		4AA2DEF42C4AC3AE0065448C /* PBXTargetDependency */ = {
			isa = PBXTargetDependency;
			target = 4AA2DED72C4AC3AC0065448C /* BikeComputer */;
			targetProxy = 4AA2DEF32C4AC3AE0065448C /* PBXContainerItemProxy */;
		};
/* End PBXTargetDependency section */

/* Begin XCBuildConfiguration section */
		4AA2DEFA2C4AC3AE0065448C /* Debug */ = {
			isa = XCBuildConfiguration;
			baseConfigurationReference = 4A311B362C56AD8D00A576B8 /* Config.xcconfig */;
			buildSettings = {
				ALWAYS_SEARCH_USER_PATHS = NO;
				ASSETCATALOG_COMPILER_GENERATE_SWIFT_ASSET_SYMBOL_EXTENSIONS = YES;
				CLANG_ANALYZER_NONNULL = YES;
				CLANG_ANALYZER_NUMBER_OBJECT_CONVERSION = YES_AGGRESSIVE;
				CLANG_CXX_LANGUAGE_STANDARD = "gnu++20";
				CLANG_ENABLE_MODULES = YES;
				CLANG_ENABLE_OBJC_ARC = YES;
				CLANG_ENABLE_OBJC_WEAK = YES;
				CLANG_WARN_BLOCK_CAPTURE_AUTORELEASING = YES;
				CLANG_WARN_BOOL_CONVERSION = YES;
				CLANG_WARN_COMMA = YES;
				CLANG_WARN_CONSTANT_CONVERSION = YES;
				CLANG_WARN_DEPRECATED_OBJC_IMPLEMENTATIONS = YES;
				CLANG_WARN_DIRECT_OBJC_ISA_USAGE = YES_ERROR;
				CLANG_WARN_DOCUMENTATION_COMMENTS = YES;
				CLANG_WARN_EMPTY_BODY = YES;
				CLANG_WARN_ENUM_CONVERSION = YES;
				CLANG_WARN_INFINITE_RECURSION = YES;
				CLANG_WARN_INT_CONVERSION = YES;
				CLANG_WARN_NON_LITERAL_NULL_CONVERSION = YES;
				CLANG_WARN_OBJC_IMPLICIT_RETAIN_SELF = YES;
				CLANG_WARN_OBJC_LITERAL_CONVERSION = YES;
				CLANG_WARN_OBJC_ROOT_CLASS = YES_ERROR;
				CLANG_WARN_QUOTED_INCLUDE_IN_FRAMEWORK_HEADER = YES;
				CLANG_WARN_RANGE_LOOP_ANALYSIS = YES;
				CLANG_WARN_STRICT_PROTOTYPES = YES;
				CLANG_WARN_SUSPICIOUS_MOVE = YES;
				CLANG_WARN_UNGUARDED_AVAILABILITY = YES_AGGRESSIVE;
				CLANG_WARN_UNREACHABLE_CODE = YES;
				CLANG_WARN__DUPLICATE_METHOD_MATCH = YES;
				COPY_PHASE_STRIP = NO;
				DEBUG_INFORMATION_FORMAT = dwarf;
				ENABLE_STRICT_OBJC_MSGSEND = YES;
				ENABLE_TESTABILITY = YES;
				ENABLE_USER_SCRIPT_SANDBOXING = YES;
				GCC_C_LANGUAGE_STANDARD = gnu17;
				GCC_DYNAMIC_NO_PIC = NO;
				GCC_NO_COMMON_BLOCKS = YES;
				GCC_OPTIMIZATION_LEVEL = 0;
				GCC_PREPROCESSOR_DEFINITIONS = (
					"DEBUG=1",
					"$(inherited)",
				);
				GCC_WARN_64_TO_32_BIT_CONVERSION = YES;
				GCC_WARN_ABOUT_RETURN_TYPE = YES_ERROR;
				GCC_WARN_UNDECLARED_SELECTOR = YES;
				GCC_WARN_UNINITIALIZED_AUTOS = YES_AGGRESSIVE;
				GCC_WARN_UNUSED_FUNCTION = YES;
				GCC_WARN_UNUSED_VARIABLE = YES;
				IPHONEOS_DEPLOYMENT_TARGET = 17.5;
				LOCALIZATION_PREFERS_STRING_CATALOGS = YES;
				MTL_ENABLE_DEBUG_INFO = INCLUDE_SOURCE;
				MTL_FAST_MATH = YES;
				ONLY_ACTIVE_ARCH = YES;
				SDKROOT = iphoneos;
				SWIFT_ACTIVE_COMPILATION_CONDITIONS = "DEBUG $(inherited)";
				SWIFT_OPTIMIZATION_LEVEL = "-Onone";
			};
			name = Debug;
		};
		4AA2DEFB2C4AC3AE0065448C /* Release */ = {
			isa = XCBuildConfiguration;
			baseConfigurationReference = 4A311B362C56AD8D00A576B8 /* Config.xcconfig */;
			buildSettings = {
				ALWAYS_SEARCH_USER_PATHS = NO;
				ASSETCATALOG_COMPILER_GENERATE_SWIFT_ASSET_SYMBOL_EXTENSIONS = YES;
				CLANG_ANALYZER_NONNULL = YES;
				CLANG_ANALYZER_NUMBER_OBJECT_CONVERSION = YES_AGGRESSIVE;
				CLANG_CXX_LANGUAGE_STANDARD = "gnu++20";
				CLANG_ENABLE_MODULES = YES;
				CLANG_ENABLE_OBJC_ARC = YES;
				CLANG_ENABLE_OBJC_WEAK = YES;
				CLANG_WARN_BLOCK_CAPTURE_AUTORELEASING = YES;
				CLANG_WARN_BOOL_CONVERSION = YES;
				CLANG_WARN_COMMA = YES;
				CLANG_WARN_CONSTANT_CONVERSION = YES;
				CLANG_WARN_DEPRECATED_OBJC_IMPLEMENTATIONS = YES;
				CLANG_WARN_DIRECT_OBJC_ISA_USAGE = YES_ERROR;
				CLANG_WARN_DOCUMENTATION_COMMENTS = YES;
				CLANG_WARN_EMPTY_BODY = YES;
				CLANG_WARN_ENUM_CONVERSION = YES;
				CLANG_WARN_INFINITE_RECURSION = YES;
				CLANG_WARN_INT_CONVERSION = YES;
				CLANG_WARN_NON_LITERAL_NULL_CONVERSION = YES;
				CLANG_WARN_OBJC_IMPLICIT_RETAIN_SELF = YES;
				CLANG_WARN_OBJC_LITERAL_CONVERSION = YES;
				CLANG_WARN_OBJC_ROOT_CLASS = YES_ERROR;
				CLANG_WARN_QUOTED_INCLUDE_IN_FRAMEWORK_HEADER = YES;
				CLANG_WARN_RANGE_LOOP_ANALYSIS = YES;
				CLANG_WARN_STRICT_PROTOTYPES = YES;
				CLANG_WARN_SUSPICIOUS_MOVE = YES;
				CLANG_WARN_UNGUARDED_AVAILABILITY = YES_AGGRESSIVE;
				CLANG_WARN_UNREACHABLE_CODE = YES;
				CLANG_WARN__DUPLICATE_METHOD_MATCH = YES;
				COPY_PHASE_STRIP = NO;
				DEBUG_INFORMATION_FORMAT = "dwarf-with-dsym";
				ENABLE_NS_ASSERTIONS = NO;
				ENABLE_STRICT_OBJC_MSGSEND = YES;
				ENABLE_USER_SCRIPT_SANDBOXING = YES;
				GCC_C_LANGUAGE_STANDARD = gnu17;
				GCC_NO_COMMON_BLOCKS = YES;
				GCC_WARN_64_TO_32_BIT_CONVERSION = YES;
				GCC_WARN_ABOUT_RETURN_TYPE = YES_ERROR;
				GCC_WARN_UNDECLARED_SELECTOR = YES;
				GCC_WARN_UNINITIALIZED_AUTOS = YES_AGGRESSIVE;
				GCC_WARN_UNUSED_FUNCTION = YES;
				GCC_WARN_UNUSED_VARIABLE = YES;
				IPHONEOS_DEPLOYMENT_TARGET = 17.5;
				LOCALIZATION_PREFERS_STRING_CATALOGS = YES;
				MTL_ENABLE_DEBUG_INFO = NO;
				MTL_FAST_MATH = YES;
				SDKROOT = iphoneos;
				SWIFT_COMPILATION_MODE = wholemodule;
				VALIDATE_PRODUCT = YES;
			};
			name = Release;
		};
		4AA2DEFD2C4AC3AE0065448C /* Debug */ = {
			isa = XCBuildConfiguration;
			buildSettings = {
				ASSETCATALOG_COMPILER_APPICON_NAME = AppIcon;
				ASSETCATALOG_COMPILER_GLOBAL_ACCENT_COLOR_NAME = AccentColor;
				ASSETCATALOG_COMPILER_INCLUDE_ALL_APPICON_ASSETS = YES;
				CODE_SIGN_STYLE = Automatic;
				CURRENT_PROJECT_VERSION = "$(BUILD_NUMBER)";
				DEVELOPMENT_ASSET_PATHS = "BikeComputer/Preview\\ Content";
				DEVELOPMENT_TEAM = RK8VM8DD98;
				ENABLE_PREVIEWS = YES;
				GENERATE_INFOPLIST_FILE = YES;
				INFOPLIST_FILE = BikeComputer/Info.plist;
				INFOPLIST_KEY_CFBundleDisplayName = "BIKE App Computer";
				INFOPLIST_KEY_LSApplicationCategoryType = "public.app-category.sports";
				INFOPLIST_KEY_NSLocationAlwaysAndWhenInUseUsageDescription = "The app requires your location data while it is in use to provide GPS features.";
				INFOPLIST_KEY_NSLocationAlwaysUsageDescription = "We need your location to show speed, heading and altitude even when the app is in the background.";
				INFOPLIST_KEY_NSLocationWhenInUseUsageDescription = "We need your location to show speed, heading and altitude.";
				INFOPLIST_KEY_UIApplicationSceneManifest_Generation = YES;
				INFOPLIST_KEY_UIApplicationSupportsIndirectInputEvents = YES;
				INFOPLIST_KEY_UILaunchScreen_Generation = YES;
				INFOPLIST_KEY_UISupportedInterfaceOrientations = UIInterfaceOrientationPortrait;
				IPHONEOS_DEPLOYMENT_TARGET = 17.5;
				LD_RUNPATH_SEARCH_PATHS = (
					"$(inherited)",
					"@executable_path/Frameworks",
				);
				MARKETING_VERSION = "$(VERSION)";
				PRODUCT_BUNDLE_IDENTIFIER = jussi.rajaniemi.BikeAppComputer;
				PRODUCT_NAME = "$(TARGET_NAME)";
				SUPPORTED_PLATFORMS = "iphoneos iphonesimulator";
				SUPPORTS_MACCATALYST = NO;
				SUPPORTS_MAC_DESIGNED_FOR_IPHONE_IPAD = NO;
				SUPPORTS_XR_DESIGNED_FOR_IPHONE_IPAD = NO;
				SWIFT_EMIT_LOC_STRINGS = YES;
				SWIFT_VERSION = 5.0;
				TARGETED_DEVICE_FAMILY = 1;
			};
			name = Debug;
		};
		4AA2DEFE2C4AC3AE0065448C /* Release */ = {
			isa = XCBuildConfiguration;
			buildSettings = {
				ASSETCATALOG_COMPILER_APPICON_NAME = AppIcon;
				ASSETCATALOG_COMPILER_GLOBAL_ACCENT_COLOR_NAME = AccentColor;
				ASSETCATALOG_COMPILER_INCLUDE_ALL_APPICON_ASSETS = YES;
				CODE_SIGN_STYLE = Automatic;
				CURRENT_PROJECT_VERSION = "$(BUILD_NUMBER)";
				DEVELOPMENT_ASSET_PATHS = "BikeComputer/Preview\\ Content";
				DEVELOPMENT_TEAM = RK8VM8DD98;
				ENABLE_PREVIEWS = YES;
				GENERATE_INFOPLIST_FILE = YES;
				INFOPLIST_FILE = BikeComputer/Info.plist;
				INFOPLIST_KEY_CFBundleDisplayName = "BIKE App Computer";
				INFOPLIST_KEY_LSApplicationCategoryType = "public.app-category.sports";
				INFOPLIST_KEY_NSLocationAlwaysAndWhenInUseUsageDescription = "The app requires your location data while it is in use to provide GPS features.";
				INFOPLIST_KEY_NSLocationAlwaysUsageDescription = "We need your location to show speed, heading and altitude even when the app is in the background.";
				INFOPLIST_KEY_NSLocationWhenInUseUsageDescription = "We need your location to show speed, heading and altitude.";
				INFOPLIST_KEY_UIApplicationSceneManifest_Generation = YES;
				INFOPLIST_KEY_UIApplicationSupportsIndirectInputEvents = YES;
				INFOPLIST_KEY_UILaunchScreen_Generation = YES;
				INFOPLIST_KEY_UISupportedInterfaceOrientations = UIInterfaceOrientationPortrait;
				IPHONEOS_DEPLOYMENT_TARGET = 17.5;
				LD_RUNPATH_SEARCH_PATHS = (
					"$(inherited)",
					"@executable_path/Frameworks",
				);
				MARKETING_VERSION = "$(VERSION)";
				PRODUCT_BUNDLE_IDENTIFIER = jussi.rajaniemi.BikeAppComputer;
				PRODUCT_NAME = "$(TARGET_NAME)";
				SUPPORTED_PLATFORMS = "iphoneos iphonesimulator";
				SUPPORTS_MACCATALYST = NO;
				SUPPORTS_MAC_DESIGNED_FOR_IPHONE_IPAD = NO;
				SUPPORTS_XR_DESIGNED_FOR_IPHONE_IPAD = NO;
				SWIFT_EMIT_LOC_STRINGS = YES;
				SWIFT_VERSION = 5.0;
				TARGETED_DEVICE_FAMILY = 1;
			};
			name = Release;
		};
		4AA2DF002C4AC3AE0065448C /* Debug */ = {
			isa = XCBuildConfiguration;
			buildSettings = {
				ALWAYS_EMBED_SWIFT_STANDARD_LIBRARIES = YES;
				BUNDLE_LOADER = "$(TEST_HOST)";
				CODE_SIGN_STYLE = Automatic;
				CURRENT_PROJECT_VERSION = 2;
				DEVELOPMENT_TEAM = RK8VM8DD98;
				GENERATE_INFOPLIST_FILE = YES;
				INFOPLIST_FILE = BikeComputerTests/Info.plist;
				INFOPLIST_KEY_LSApplicationCategoryType = "";
				INFOPLIST_KEY_NSLocationAlwaysAndWhenInUseUsageDescription = "The app requires your location data while it is in use to provide GPS features.";
				INFOPLIST_KEY_NSLocationAlwaysUsageDescription = "The app requires your location data while it is in use to provide GPS features.";
				INFOPLIST_KEY_NSLocationWhenInUseUsageDescription = "The app requires your location data while it is in use to provide GPS features.";
				IPHONEOS_DEPLOYMENT_TARGET = 17.5;
				MARKETING_VERSION = 1.0;
				PRODUCT_BUNDLE_IDENTIFIER = jrajaniemi.BikeComputerTests;
				PRODUCT_NAME = "$(TARGET_NAME)";
				SWIFT_EMIT_LOC_STRINGS = NO;
				SWIFT_VERSION = 5.0;
				TARGETED_DEVICE_FAMILY = "1,2";
				TEST_HOST = "$(BUILT_PRODUCTS_DIR)/BikeComputer.app/$(BUNDLE_EXECUTABLE_FOLDER_PATH)/BikeComputer";
			};
			name = Debug;
		};
		4AA2DF012C4AC3AE0065448C /* Release */ = {
			isa = XCBuildConfiguration;
			buildSettings = {
				ALWAYS_EMBED_SWIFT_STANDARD_LIBRARIES = YES;
				BUNDLE_LOADER = "$(TEST_HOST)";
				CODE_SIGN_STYLE = Automatic;
				CURRENT_PROJECT_VERSION = 2;
				DEVELOPMENT_TEAM = RK8VM8DD98;
				GENERATE_INFOPLIST_FILE = YES;
				INFOPLIST_FILE = BikeComputerTests/Info.plist;
				INFOPLIST_KEY_LSApplicationCategoryType = "";
				INFOPLIST_KEY_NSLocationAlwaysAndWhenInUseUsageDescription = "The app requires your location data while it is in use to provide GPS features.";
				INFOPLIST_KEY_NSLocationAlwaysUsageDescription = "The app requires your location data while it is in use to provide GPS features.";
				INFOPLIST_KEY_NSLocationWhenInUseUsageDescription = "The app requires your location data while it is in use to provide GPS features.";
				IPHONEOS_DEPLOYMENT_TARGET = 17.5;
				MARKETING_VERSION = 1.0;
				PRODUCT_BUNDLE_IDENTIFIER = jrajaniemi.BikeComputerTests;
				PRODUCT_NAME = "$(TARGET_NAME)";
				SWIFT_EMIT_LOC_STRINGS = NO;
				SWIFT_VERSION = 5.0;
				TARGETED_DEVICE_FAMILY = "1,2";
				TEST_HOST = "$(BUILT_PRODUCTS_DIR)/BikeComputer.app/$(BUNDLE_EXECUTABLE_FOLDER_PATH)/BikeComputer";
			};
			name = Release;
		};
		4AA2DF032C4AC3AE0065448C /* Debug */ = {
			isa = XCBuildConfiguration;
			buildSettings = {
				ALWAYS_EMBED_SWIFT_STANDARD_LIBRARIES = YES;
				CODE_SIGN_STYLE = Automatic;
				CURRENT_PROJECT_VERSION = 2;
				DEVELOPMENT_TEAM = RK8VM8DD98;
				GENERATE_INFOPLIST_FILE = YES;
				MARKETING_VERSION = 1.0;
				PRODUCT_BUNDLE_IDENTIFIER = jrajaniemi.BikeComputerUITests;
				PRODUCT_NAME = "$(TARGET_NAME)";
				SWIFT_EMIT_LOC_STRINGS = NO;
				SWIFT_VERSION = 5.0;
				TARGETED_DEVICE_FAMILY = "1,2";
				TEST_TARGET_NAME = BikeComputer;
			};
			name = Debug;
		};
		4AA2DF042C4AC3AE0065448C /* Release */ = {
			isa = XCBuildConfiguration;
			buildSettings = {
				ALWAYS_EMBED_SWIFT_STANDARD_LIBRARIES = YES;
				CODE_SIGN_STYLE = Automatic;
				CURRENT_PROJECT_VERSION = 2;
				DEVELOPMENT_TEAM = RK8VM8DD98;
				GENERATE_INFOPLIST_FILE = YES;
				MARKETING_VERSION = 1.0;
				PRODUCT_BUNDLE_IDENTIFIER = jrajaniemi.BikeComputerUITests;
				PRODUCT_NAME = "$(TARGET_NAME)";
				SWIFT_EMIT_LOC_STRINGS = NO;
				SWIFT_VERSION = 5.0;
				TARGETED_DEVICE_FAMILY = "1,2";
				TEST_TARGET_NAME = BikeComputer;
			};
			name = Release;
		};
/* End XCBuildConfiguration section */

/* Begin XCConfigurationList section */
		4AA2DED32C4AC3AC0065448C /* Build configuration list for PBXProject "BikeComputer" */ = {
			isa = XCConfigurationList;
			buildConfigurations = (
				4AA2DEFA2C4AC3AE0065448C /* Debug */,
				4AA2DEFB2C4AC3AE0065448C /* Release */,
			);
			defaultConfigurationIsVisible = 0;
			defaultConfigurationName = Release;
		};
		4AA2DEFC2C4AC3AE0065448C /* Build configuration list for PBXNativeTarget "BikeComputer" */ = {
			isa = XCConfigurationList;
			buildConfigurations = (
				4AA2DEFD2C4AC3AE0065448C /* Debug */,
				4AA2DEFE2C4AC3AE0065448C /* Release */,
			);
			defaultConfigurationIsVisible = 0;
			defaultConfigurationName = Release;
		};
		4AA2DEFF2C4AC3AE0065448C /* Build configuration list for PBXNativeTarget "BikeComputerTests" */ = {
			isa = XCConfigurationList;
			buildConfigurations = (
				4AA2DF002C4AC3AE0065448C /* Debug */,
				4AA2DF012C4AC3AE0065448C /* Release */,
			);
			defaultConfigurationIsVisible = 0;
			defaultConfigurationName = Release;
		};
		4AA2DF022C4AC3AE0065448C /* Build configuration list for PBXNativeTarget "BikeComputerUITests" */ = {
			isa = XCConfigurationList;
			buildConfigurations = (
				4AA2DF032C4AC3AE0065448C /* Debug */,
				4AA2DF042C4AC3AE0065448C /* Release */,
			);
			defaultConfigurationIsVisible = 0;
			defaultConfigurationName = Release;
		};
/* End XCConfigurationList section */
	};
	rootObject = 4AA2DED02C4AC3AC0065448C /* Project object */;
}
