// !$*UTF8*$!
{
	archiveVersion = 1;
	classes = {
	};
	objectVersion = 56;
	objects = {

/* Begin PBXBuildFile section */
		4AA2DEDC2C4AC3AC0065448C /* BikeComputerApp.swift in Sources */ = {isa = PBXBuildFile; fileRef = 4AA2DEDB2C4AC3AC0065448C /* BikeComputerApp.swift */; };
		4AA2DEDE2C4AC3AC0065448C /* ContentView.swift in Sources */ = {isa = PBXBuildFile; fileRef = 4AA2DEDD2C4AC3AC0065448C /* ContentView.swift */; };
		4AA2DEE02C4AC3AE0065448C /* Assets.xcassets in Resources */ = {isa = PBXBuildFile; fileRef = 4AA2DEDF2C4AC3AE0065448C /* Assets.xcassets */; };
		4AA2DEE32C4AC3AE0065448C /* Preview Assets.xcassets in Resources */ = {isa = PBXBuildFile; fileRef = 4AA2DEE22C4AC3AE0065448C /* Preview Assets.xcassets */; };
		4AA2DEED2C4AC3AE0065448C /* BikeComputerTests.swift in Sources */ = {isa = PBXBuildFile; fileRef = 4AA2DEEC2C4AC3AE0065448C /* BikeComputerTests.swift */; };
		4AA2DEF72C4AC3AE0065448C /* BikeComputerUITests.swift in Sources */ = {isa = PBXBuildFile; fileRef = 4AA2DEF62C4AC3AE0065448C /* BikeComputerUITests.swift */; };
		4AA2DEF92C4AC3AE0065448C /* BikeComputerUITestsLaunchTests.swift in Sources */ = {isa = PBXBuildFile; fileRef = 4AA2DEF82C4AC3AE0065448C /* BikeComputerUITestsLaunchTests.swift */; };
/* End PBXBuildFile section */

/* Begin PBXContainerItemProxy section */
		4AA2DEE92C4AC3AE0065448C /* PBXContainerItemProxy */ = {
			isa = PBXContainerItemProxy;
			containerPortal = 4AA2DED02C4AC3AC0065448C /* Project object */;
			proxyType = 1;
			remoteGlobalIDString = 4AA2DED72C4AC3AC0065448C;
			remoteInfo = BikeComputer;
		};
		4AA2DEF32C4AC3AE0065448C /* PBXContainerItemProxy */ = {
			isa = PBXContainerItemProxy;
			containerPortal = 4AA2DED02C4AC3AC0065448C /* Project object */;
			proxyType = 1;
			remoteGlobalIDString = 4AA2DED72C4AC3AC0065448C;
			remoteInfo = BikeComputer;
		};
/* End PBXContainerItemProxy section */

/* Begin PBXFileReference section */
		4AA2DED82C4AC3AC0065448C /* BikeComputer.app */ = {isa = PBXFileReference; explicitFileType = wrapper.application; includeInIndex = 0; path = BikeComputer.app; sourceTree = BUILT_PRODUCTS_DIR; };
		4AA2DEDB2C4AC3AC0065448C /* BikeComputerApp.swift */ = {isa = PBXFileReference; lastKnownFileType = sourcecode.swift; path = BikeComputerApp.swift; sourceTree = "<group>"; };
		4AA2DEDD2C4AC3AC0065448C /* ContentView.swift */ = {isa = PBXFileReference; lastKnownFileType = sourcecode.swift; path = ContentView.swift; sourceTree = "<group>"; };
		4AA2DEDF2C4AC3AE0065448C /* Assets.xcassets */ = {isa = PBXFileReference; lastKnownFileType = folder.assetcatalog; path = Assets.xcassets; sourceTree = "<group>"; };
		4AA2DEE22C4AC3AE0065448C /* Preview Assets.xcassets */ = {isa = PBXFileReference; lastKnownFileType = folder.assetcatalog; path = "Preview Assets.xcassets"; sourceTree = "<group>"; };
		4AA2DEE82C4AC3AE0065448C /* BikeComputerTests.xctest */ = {isa = PBXFileReference; explicitFileType = wrapper.cfbundle; includeInIndex = 0; path = BikeComputerTests.xctest; sourceTree = BUILT_PRODUCTS_DIR; };
		4AA2DEEC2C4AC3AE0065448C /* BikeComputerTests.swift */ = {isa = PBXFileReference; lastKnownFileType = sourcecode.swift; path = BikeComputerTests.swift; sourceTree = "<group>"; };
		4AA2DEF22C4AC3AE0065448C /* BikeComputerUITests.xctest */ = {isa = PBXFileReference; explicitFileType = wrapper.cfbundle; includeInIndex = 0; path = BikeComputerUITests.xctest; sourceTree = BUILT_PRODUCTS_DIR; };
		4AA2DEF62C4AC3AE0065448C /* BikeComputerUITests.swift */ = {isa = PBXFileReference; lastKnownFileType = sourcecode.swift; path = BikeComputerUITests.swift; sourceTree = "<group>"; };
		4AA2DEF82C4AC3AE0065448C /* BikeComputerUITestsLaunchTests.swift */ = {isa = PBXFileReference; lastKnownFileType = sourcecode.swift; path = BikeComputerUITestsLaunchTests.swift; sourceTree = "<group>"; };
/* End PBXFileReference section */

/* Begin PBXFrameworksBuildPhase section */
		4AA2DED52C4AC3AC0065448C /* Frameworks */ = {
			isa = PBXFrameworksBuildPhase;
			buildActionMask = 2147483647;
			files = (
			);
			runOnlyForDeploymentPostprocessing = 0;
		};
		4AA2DEE52C4AC3AE0065448C /* Frameworks */ = {
			isa = PBXFrameworksBuildPhase;
			buildActionMask = 2147483647;
			files = (
			);
			runOnlyForDeploymentPostprocessing = 0;
		};
		4AA2DEEF2C4AC3AE0065448C /* Frameworks */ = {
			isa = PBXFrameworksBuildPhase;
			buildActionMask = 2147483647;
			files = (
			);
			runOnlyForDeploymentPostprocessing = 0;
		};
/* End PBXFrameworksBuildPhase section */

/* Begin PBXGroup section */
		4AA2DECF2C4AC3AC0065448C = {
			isa = PBXGroup;
			children = (
				4AA2DEDA2C4AC3AC0065448C /* BikeComputer */,
				4AA2DEEB2C4AC3AE0065448C /* BikeComputerTests */,
				4AA2DEF52C4AC3AE0065448C /* BikeComputerUITests */,
				4AA2DED92C4AC3AC0065448C /* Products */,
			);
			sourceTree = "<group>";
		};
		4AA2DED92C4AC3AC0065448C /* Products */ = {
			isa = PBXGroup;
			children = (
				4AA2DED82C4AC3AC0065448C /* BikeComputer.app */,
				4AA2DEE82C4AC3AE0065448C /* BikeComputerTests.xctest */,
				4AA2DEF22C4AC3AE0065448C /* BikeComputerUITests.xctest */,
			);
			name = Products;
			sourceTree = "<group>";
		};
		4AA2DEDA2C4AC3AC0065448C /* BikeComputer */ = {
			isa = PBXGroup;
			children = (
				4AA2DEDB2C4AC3AC0065448C /* BikeComputerApp.swift */,
				4AA2DEDD2C4AC3AC0065448C /* ContentView.swift */,
				4AA2DEDF2C4AC3AE0065448C /* Assets.xcassets */,
				4AA2DEE12C4AC3AE0065448C /* Preview Content */,
			);
			path = BikeComputer;
			sourceTree = "<group>";
		};
		4AA2DEE12C4AC3AE0065448C /* Preview Content */ = {
			isa = PBXGroup;
			children = (
				4AA2DEE22C4AC3AE0065448C /* Preview Assets.xcassets */,
			);
			path = "Preview Content";
			sourceTree = "<group>";
		};
		4AA2DEEB2C4AC3AE0065448C /* BikeComputerTests */ = {
			isa = PBXGroup;
			children = (
				4AA2DEEC2C4AC3AE0065448C /* BikeComputerTests.swift */,
			);
			path = BikeComputerTests;
			sourceTree = "<group>";
		};
		4AA2DEF52C4AC3AE0065448C /* BikeComputerUITests */ = {
			isa = PBXGroup;
			children = (
				4AA2DEF62C4AC3AE0065448C /* BikeComputerUITests.swift */,
				4AA2DEF82C4AC3AE0065448C /* BikeComputerUITestsLaunchTests.swift */,
			);
			path = BikeComputerUITests;
			sourceTree = "<group>";
		};
/* End PBXGroup section */

/* Begin PBXNativeTarget section */
		4AA2DED72C4AC3AC0065448C /* BikeComputer */ = {
			isa = PBXNativeTarget;
			buildConfigurationList = 4AA2DEFC2C4AC3AE0065448C /* Build configuration list for PBXNativeTarget "BikeComputer" */;
			buildPhases = (
				4AA2DED42C4AC3AC0065448C /* Sources */,
				4AA2DED52C4AC3AC0065448C /* Frameworks */,
				4AA2DED62C4AC3AC0065448C /* Resources */,
			);
			buildRules = (
			);
			dependencies = (
			);
			name = BikeComputer;
			productName = BikeComputer;
			productReference = 4AA2DED82C4AC3AC0065448C /* BikeComputer.app */;
			productType = "com.apple.product-type.application";
		};
		4AA2DEE72C4AC3AE0065448C /* BikeComputerTests */ = {
			isa = PBXNativeTarget;
			buildConfigurationList = 4AA2DEFF2C4AC3AE0065448C /* Build configuration list for PBXNativeTarget "BikeComputerTests" */;
			buildPhases = (
				4AA2DEE42C4AC3AE0065448C /* Sources */,
				4AA2DEE52C4AC3AE0065448C /* Frameworks */,
				4AA2DEE62C4AC3AE0065448C /* Resources */,
			);
			buildRules = (
			);
			dependencies = (
				4AA2DEEA2C4AC3AE0065448C /* PBXTargetDependency */,
			);
			name = BikeComputerTests;
			productName = BikeComputerTests;
			productReference = 4AA2DEE82C4AC3AE0065448C /* BikeComputerTests.xctest */;
			productType = "com.apple.product-type.bundle.unit-test";
		};
		4AA2DEF12C4AC3AE0065448C /* BikeComputerUITests */ = {
			isa = PBXNativeTarget;
			buildConfigurationList = 4AA2DF022C4AC3AE0065448C /* Build configuration list for PBXNativeTarget "BikeComputerUITests" */;
			buildPhases = (
				4AA2DEEE2C4AC3AE0065448C /* Sources */,
				4AA2DEEF2C4AC3AE0065448C /* Frameworks */,
				4AA2DEF02C4AC3AE0065448C /* Resources */,
			);
			buildRules = (
			);
			dependencies = (
				4AA2DEF42C4AC3AE0065448C /* PBXTargetDependency */,
			);
			name = BikeComputerUITests;
			productName = BikeComputerUITests;
			productReference = 4AA2DEF22C4AC3AE0065448C /* BikeComputerUITests.xctest */;
			productType = "com.apple.product-type.bundle.ui-testing";
		};
/* End PBXNativeTarget section */

/* Begin PBXProject section */
		4AA2DED02C4AC3AC0065448C /* Project object */ = {
			isa = PBXProject;
			attributes = {
				BuildIndependentTargetsInParallel = 1;
				LastSwiftUpdateCheck = 1540;
				LastUpgradeCheck = 1540;
				TargetAttributes = {
					4AA2DED72C4AC3AC0065448C = {
						CreatedOnToolsVersion = 15.4;
					};
					4AA2DEE72C4AC3AE0065448C = {
						CreatedOnToolsVersion = 15.4;
						TestTargetID = 4AA2DED72C4AC3AC0065448C;
					};
					4AA2DEF12C4AC3AE0065448C = {
						CreatedOnToolsVersion = 15.4;
						TestTargetID = 4AA2DED72C4AC3AC0065448C;
					};
				};
			};
			buildConfigurationList = 4AA2DED32C4AC3AC0065448C /* Build configuration list for PBXProject "BikeComputer" */;
			compatibilityVersion = "Xcode 14.0";
			developmentRegion = en;
			hasScannedForEncodings = 0;
			knownRegions = (
				en,
				Base,
			);
			mainGroup = 4AA2DECF2C4AC3AC0065448C;
			productRefGroup = 4AA2DED92C4AC3AC0065448C /* Products */;
			projectDirPath = "";
			projectRoot = "";
			targets = (
				4AA2DED72C4AC3AC0065448C /* BikeComputer */,
				4AA2DEE72C4AC3AE0065448C /* BikeComputerTests */,
				4AA2DEF12C4AC3AE0065448C /* BikeComputerUITests */,
			);
		};
/* End PBXProject section */

/* Begin PBXResourcesBuildPhase section */
		4AA2DED62C4AC3AC0065448C /* Resources */ = {
			isa = PBXResourcesBuildPhase;
			buildActionMask = 2147483647;
			files = (
				4AA2DEE32C4AC3AE0065448C /* Preview Assets.xcassets in Resources */,
				4AA2DEE02C4AC3AE0065448C /* Assets.xcassets in Resources */,
			);
			runOnlyForDeploymentPostprocessing = 0;
		};
		4AA2DEE62C4AC3AE0065448C /* Resources */ = {
			isa = PBXResourcesBuildPhase;
			buildActionMask = 2147483647;
			files = (
			);
			runOnlyForDeploymentPostprocessing = 0;
		};
		4AA2DEF02C4AC3AE0065448C /* Resources */ = {
			isa = PBXResourcesBuildPhase;
			buildActionMask = 2147483647;
			files = (
			);
			runOnlyForDeploymentPostprocessing = 0;
		};
/* End PBXResourcesBuildPhase section */

/* Begin PBXSourcesBuildPhase section */
		4AA2DED42C4AC3AC0065448C /* Sources */ = {
			isa = PBXSourcesBuildPhase;
			buildActionMask = 2147483647;
			files = (
				4AA2DEDE2C4AC3AC0065448C /* ContentView.swift in Sources */,
				4AA2DEDC2C4AC3AC0065448C /* BikeComputerApp.swift in Sources */,
			);
			runOnlyForDeploymentPostprocessing = 0;
		};
		4AA2DEE42C4AC3AE0065448C /* Sources */ = {
			isa = PBXSourcesBuildPhase;
			buildActionMask = 2147483647;
			files = (
				4AA2DEED2C4AC3AE0065448C /* BikeComputerTests.swift in Sources */,
			);
			runOnlyForDeploymentPostprocessing = 0;
		};
		4AA2DEEE2C4AC3AE0065448C /* Sources */ = {
			isa = PBXSourcesBuildPhase;
			buildActionMask = 2147483647;
			files = (
				4AA2DEF92C4AC3AE0065448C /* BikeComputerUITestsLaunchTests.swift in Sources */,
				4AA2DEF72C4AC3AE0065448C /* BikeComputerUITests.swift in Sources */,
			);
			runOnlyForDeploymentPostprocessing = 0;
		};
/* End PBXSourcesBuildPhase section */

/* Begin PBXTargetDependency section */
		4AA2DEEA2C4AC3AE0065448C /* PBXTargetDependency */ = {
			isa = PBXTargetDependency;
			target = 4AA2DED72C4AC3AC0065448C /* BikeComputer */;
			targetProxy = 4AA2DEE92C4AC3AE0065448C /* PBXContainerItemProxy */;
		};
		4AA2DEF42C4AC3AE0065448C /* PBXTargetDependency */ = {
			isa = PBXTargetDependency;
			target = 4AA2DED72C4AC3AC0065448C /* BikeComputer */;
			targetProxy = 4AA2DEF32C4AC3AE0065448C /* PBXContainerItemProxy */;
		};
/* End PBXTargetDependency section */

/* Begin XCBuildConfiguration section */
		4AA2DEFA2C4AC3AE0065448C /* Debug */ = {
			isa = XCBuildConfiguration;
			buildSettings = {
				ALWAYS_SEARCH_USER_PATHS = NO;
				ASSETCATALOG_COMPILER_GENERATE_SWIFT_ASSET_SYMBOL_EXTENSIONS = YES;
				CLANG_ANALYZER_NONNULL = YES;
				CLANG_ANALYZER_NUMBER_OBJECT_CONVERSION = YES_AGGRESSIVE;
				CLANG_CXX_LANGUAGE_STANDARD = "gnu++20";
				CLANG_ENABLE_MODULES = YES;
				CLANG_ENABLE_OBJC_ARC = YES;
				CLANG_ENABLE_OBJC_WEAK = YES;
				CLANG_WARN_BLOCK_CAPTURE_AUTORELEASING = YES;
				CLANG_WARN_BOOL_CONVERSION = YES;
				CLANG_WARN_COMMA = YES;
				CLANG_WARN_CONSTANT_CONVERSION = YES;
				CLANG_WARN_DEPRECATED_OBJC_IMPLEMENTATIONS = YES;
				CLANG_WARN_DIRECT_OBJC_ISA_USAGE = YES_ERROR;
				CLANG_WARN_DOCUMENTATION_COMMENTS = YES;
				CLANG_WARN_EMPTY_BODY = YES;
				CLANG_WARN_ENUM_CONVERSION = YES;
				CLANG_WARN_INFINITE_RECURSION = YES;
				CLANG_WARN_INT_CONVERSION = YES;
				CLANG_WARN_NON_LITERAL_NULL_CONVERSION = YES;
				CLANG_WARN_OBJC_IMPLICIT_RETAIN_SELF = YES;
				CLANG_WARN_OBJC_LITERAL_CONVERSION = YES;
				CLANG_WARN_OBJC_ROOT_CLASS = YES_ERROR;
				CLANG_WARN_QUOTED_INCLUDE_IN_FRAMEWORK_HEADER = YES;
				CLANG_WARN_RANGE_LOOP_ANALYSIS = YES;
				CLANG_WARN_STRICT_PROTOTYPES = YES;
				CLANG_WARN_SUSPICIOUS_MOVE = YES;
				CLANG_WARN_UNGUARDED_AVAILABILITY = YES_AGGRESSIVE;
				CLANG_WARN_UNREACHABLE_CODE = YES;
				CLANG_WARN__DUPLICATE_METHOD_MATCH = YES;
				COPY_PHASE_STRIP = NO;
				DEBUG_INFORMATION_FORMAT = dwarf;
				ENABLE_STRICT_OBJC_MSGSEND = YES;
				ENABLE_TESTABILITY = YES;
				ENABLE_USER_SCRIPT_SANDBOXING = YES;
				GCC_C_LANGUAGE_STANDARD = gnu17;
				GCC_DYNAMIC_NO_PIC = NO;
				GCC_NO_COMMON_BLOCKS = YES;
				GCC_OPTIMIZATION_LEVEL = 0;
				GCC_PREPROCESSOR_DEFINITIONS = (
					"DEBUG=1",
					"$(inherited)",
				);
				GCC_WARN_64_TO_32_BIT_CONVERSION = YES;
				GCC_WARN_ABOUT_RETURN_TYPE = YES_ERROR;
				GCC_WARN_UNDECLARED_SELECTOR = YES;
				GCC_WARN_UNINITIALIZED_AUTOS = YES_AGGRESSIVE;
				GCC_WARN_UNUSED_FUNCTION = YES;
				GCC_WARN_UNUSED_VARIABLE = YES;
				IPHONEOS_DEPLOYMENT_TARGET = 17.5;
				LOCALIZATION_PREFERS_STRING_CATALOGS = YES;
				MTL_ENABLE_DEBUG_INFO = INCLUDE_SOURCE;
				MTL_FAST_MATH = YES;
				ONLY_ACTIVE_ARCH = YES;
				SDKROOT = iphoneos;
				SWIFT_ACTIVE_COMPILATION_CONDITIONS = "DEBUG $(inherited)";
				SWIFT_OPTIMIZATION_LEVEL = "-Onone";
			};
			name = Debug;
		};
		4AA2DEFB2C4AC3AE0065448C /* Release */ = {
			isa = XCBuildConfiguration;
			buildSettings = {
				ALWAYS_SEARCH_USER_PATHS = NO;
				ASSETCATALOG_COMPILER_GENERATE_SWIFT_ASSET_SYMBOL_EXTENSIONS = YES;
				CLANG_ANALYZER_NONNULL = YES;
				CLANG_ANALYZER_NUMBER_OBJECT_CONVERSION = YES_AGGRESSIVE;
				CLANG_CXX_LANGUAGE_STANDARD = "gnu++20";
				CLANG_ENABLE_MODULES = YES;
				CLANG_ENABLE_OBJC_ARC = YES;
				CLANG_ENABLE_OBJC_WEAK = YES;
				CLANG_WARN_BLOCK_CAPTURE_AUTORELEASING = YES;
				CLANG_WARN_BOOL_CONVERSION = YES;
				CLANG_WARN_COMMA = YES;
				CLANG_WARN_CONSTANT_CONVERSION = YES;
				CLANG_WARN_DEPRECATED_OBJC_IMPLEMENTATIONS = YES;
				CLANG_WARN_DIRECT_OBJC_ISA_USAGE = YES_ERROR;
				CLANG_WARN_DOCUMENTATION_COMMENTS = YES;
				CLANG_WARN_EMPTY_BODY = YES;
				CLANG_WARN_ENUM_CONVERSION = YES;
				CLANG_WARN_INFINITE_RECURSION = YES;
				CLANG_WARN_INT_CONVERSION = YES;
				CLANG_WARN_NON_LITERAL_NULL_CONVERSION = YES;
				CLANG_WARN_OBJC_IMPLICIT_RETAIN_SELF = YES;
				CLANG_WARN_OBJC_LITERAL_CONVERSION = YES;
				CLANG_WARN_OBJC_ROOT_CLASS = YES_ERROR;
				CLANG_WARN_QUOTED_INCLUDE_IN_FRAMEWORK_HEADER = YES;
				CLANG_WARN_RANGE_LOOP_ANALYSIS = YES;
				CLANG_WARN_STRICT_PROTOTYPES = YES;
				CLANG_WARN_SUSPICIOUS_MOVE = YES;
				CLANG_WARN_UNGUARDED_AVAILABILITY = YES_AGGRESSIVE;
				CLANG_WARN_UNREACHABLE_CODE = YES;
				CLANG_WARN__DUPLICATE_METHOD_MATCH = YES;
				COPY_PHASE_STRIP = NO;
				DEBUG_INFORMATION_FORMAT = "dwarf-with-dsym";
				ENABLE_NS_ASSERTIONS = NO;
				ENABLE_STRICT_OBJC_MSGSEND = YES;
				ENABLE_USER_SCRIPT_SANDBOXING = YES;
				GCC_C_LANGUAGE_STANDARD = gnu17;
				GCC_NO_COMMON_BLOCKS = YES;
				GCC_WARN_64_TO_32_BIT_CONVERSION = YES;
				GCC_WARN_ABOUT_RETURN_TYPE = YES_ERROR;
				GCC_WARN_UNDECLARED_SELECTOR = YES;
				GCC_WARN_UNINITIALIZED_AUTOS = YES_AGGRESSIVE;
				GCC_WARN_UNUSED_FUNCTION = YES;
				GCC_WARN_UNUSED_VARIABLE = YES;
				IPHONEOS_DEPLOYMENT_TARGET = 17.5;
				LOCALIZATION_PREFERS_STRING_CATALOGS = YES;
				MTL_ENABLE_DEBUG_INFO = NO;
				MTL_FAST_MATH = YES;
				SDKROOT = iphoneos;
				SWIFT_COMPILATION_MODE = wholemodule;
				VALIDATE_PRODUCT = YES;
			};
			name = Release;
		};
		4AA2DEFD2C4AC3AE0065448C /* Debug */ = {
			isa = XCBuildConfiguration;
			buildSettings = {
				ASSETCATALOG_COMPILER_APPICON_NAME = AppIcon;
				ASSETCATALOG_COMPILER_GLOBAL_ACCENT_COLOR_NAME = AccentColor;
				CODE_SIGN_STYLE = Automatic;
				CURRENT_PROJECT_VERSION = 1;
				DEVELOPMENT_ASSET_PATHS = "\"BikeComputer/Preview Content\"";
				ENABLE_PREVIEWS = YES;
				GENERATE_INFOPLIST_FILE = YES;
				INFOPLIST_KEY_UIApplicationSceneManifest_Generation = YES;
				INFOPLIST_KEY_UIApplicationSupportsIndirectInputEvents = YES;
				INFOPLIST_KEY_UILaunchScreen_Generation = YES;
				INFOPLIST_KEY_UISupportedInterfaceOrientations_iPad = "UIInterfaceOrientationPortrait UIInterfaceOrientationPortraitUpsideDown UIInterfaceOrientationLandscapeLeft UIInterfaceOrientationLandscapeRight";
				INFOPLIST_KEY_UISupportedInterfaceOrientations_iPhone = "UIInterfaceOrientationPortrait UIInterfaceOrientationLandscapeLeft UIInterfaceOrientationLandscapeRight";
				LD_RUNPATH_SEARCH_PATHS = (
					"$(inherited)",
					"@executable_path/Frameworks",
				);
				MARKETING_VERSION = 1.0;
				PRODUCT_BUNDLE_IDENTIFIER = jrajaniemi.BikeComputer;
				PRODUCT_NAME = "$(TARGET_NAME)";
				SWIFT_EMIT_LOC_STRINGS = YES;
				SWIFT_VERSION = 5.0;
				TARGETED_DEVICE_FAMILY = "1,2";
			};
			name = Debug;
		};
		4AA2DEFE2C4AC3AE0065448C /* Release */ = {
			isa = XCBuildConfiguration;
			buildSettings = {
				ASSETCATALOG_COMPILER_APPICON_NAME = AppIcon;
				ASSETCATALOG_COMPILER_GLOBAL_ACCENT_COLOR_NAME = AccentColor;
				CODE_SIGN_STYLE = Automatic;
				CURRENT_PROJECT_VERSION = 1;
				DEVELOPMENT_ASSET_PATHS = "\"BikeComputer/Preview Content\"";
				ENABLE_PREVIEWS = YES;
				GENERATE_INFOPLIST_FILE = YES;
				INFOPLIST_KEY_UIApplicationSceneManifest_Generation = YES;
				INFOPLIST_KEY_UIApplicationSupportsIndirectInputEvents = YES;
				INFOPLIST_KEY_UILaunchScreen_Generation = YES;
				INFOPLIST_KEY_UISupportedInterfaceOrientations_iPad = "UIInterfaceOrientationPortrait UIInterfaceOrientationPortraitUpsideDown UIInterfaceOrientationLandscapeLeft UIInterfaceOrientationLandscapeRight";
				INFOPLIST_KEY_UISupportedInterfaceOrientations_iPhone = "UIInterfaceOrientationPortrait UIInterfaceOrientationLandscapeLeft UIInterfaceOrientationLandscapeRight";
				LD_RUNPATH_SEARCH_PATHS = (
					"$(inherited)",
					"@executable_path/Frameworks",
				);
				MARKETING_VERSION = 1.0;
				PRODUCT_BUNDLE_IDENTIFIER = jrajaniemi.BikeComputer;
				PRODUCT_NAME = "$(TARGET_NAME)";
				SWIFT_EMIT_LOC_STRINGS = YES;
				SWIFT_VERSION = 5.0;
				TARGETED_DEVICE_FAMILY = "1,2";
			};
			name = Release;
		};
		4AA2DF002C4AC3AE0065448C /* Debug */ = {
			isa = XCBuildConfiguration;
			buildSettings = {
				ALWAYS_EMBED_SWIFT_STANDARD_LIBRARIES = YES;
				BUNDLE_LOADER = "$(TEST_HOST)";
				CODE_SIGN_STYLE = Automatic;
				CURRENT_PROJECT_VERSION = 1;
				GENERATE_INFOPLIST_FILE = YES;
				IPHONEOS_DEPLOYMENT_TARGET = 17.5;
				MARKETING_VERSION = 1.0;
				PRODUCT_BUNDLE_IDENTIFIER = jrajaniemi.BikeComputerTests;
				PRODUCT_NAME = "$(TARGET_NAME)";
				SWIFT_EMIT_LOC_STRINGS = NO;
				SWIFT_VERSION = 5.0;
				TARGETED_DEVICE_FAMILY = "1,2";
				TEST_HOST = "$(BUILT_PRODUCTS_DIR)/BikeComputer.app/$(BUNDLE_EXECUTABLE_FOLDER_PATH)/BikeComputer";
			};
			name = Debug;
		};
		4AA2DF012C4AC3AE0065448C /* Release */ = {
			isa = XCBuildConfiguration;
			buildSettings = {
				ALWAYS_EMBED_SWIFT_STANDARD_LIBRARIES = YES;
				BUNDLE_LOADER = "$(TEST_HOST)";
				CODE_SIGN_STYLE = Automatic;
				CURRENT_PROJECT_VERSION = 1;
				GENERATE_INFOPLIST_FILE = YES;
				IPHONEOS_DEPLOYMENT_TARGET = 17.5;
				MARKETING_VERSION = 1.0;
				PRODUCT_BUNDLE_IDENTIFIER = jrajaniemi.BikeComputerTests;
				PRODUCT_NAME = "$(TARGET_NAME)";
				SWIFT_EMIT_LOC_STRINGS = NO;
				SWIFT_VERSION = 5.0;
				TARGETED_DEVICE_FAMILY = "1,2";
				TEST_HOST = "$(BUILT_PRODUCTS_DIR)/BikeComputer.app/$(BUNDLE_EXECUTABLE_FOLDER_PATH)/BikeComputer";
			};
			name = Release;
		};
		4AA2DF032C4AC3AE0065448C /* Debug */ = {
			isa = XCBuildConfiguration;
			buildSettings = {
				ALWAYS_EMBED_SWIFT_STANDARD_LIBRARIES = YES;
				CODE_SIGN_STYLE = Automatic;
				CURRENT_PROJECT_VERSION = 1;
				GENERATE_INFOPLIST_FILE = YES;
				MARKETING_VERSION = 1.0;
				PRODUCT_BUNDLE_IDENTIFIER = jrajaniemi.BikeComputerUITests;
				PRODUCT_NAME = "$(TARGET_NAME)";
				SWIFT_EMIT_LOC_STRINGS = NO;
				SWIFT_VERSION = 5.0;
				TARGETED_DEVICE_FAMILY = "1,2";
				TEST_TARGET_NAME = BikeComputer;
			};
			name = Debug;
		};
		4AA2DF042C4AC3AE0065448C /* Release */ = {
			isa = XCBuildConfiguration;
			buildSettings = {
				ALWAYS_EMBED_SWIFT_STANDARD_LIBRARIES = YES;
				CODE_SIGN_STYLE = Automatic;
				CURRENT_PROJECT_VERSION = 1;
				GENERATE_INFOPLIST_FILE = YES;
				MARKETING_VERSION = 1.0;
				PRODUCT_BUNDLE_IDENTIFIER = jrajaniemi.BikeComputerUITests;
				PRODUCT_NAME = "$(TARGET_NAME)";
				SWIFT_EMIT_LOC_STRINGS = NO;
				SWIFT_VERSION = 5.0;
				TARGETED_DEVICE_FAMILY = "1,2";
				TEST_TARGET_NAME = BikeComputer;
			};
			name = Release;
		};
/* End XCBuildConfiguration section */

/* Begin XCConfigurationList section */
		4AA2DED32C4AC3AC0065448C /* Build configuration list for PBXProject "BikeComputer" */ = {
			isa = XCConfigurationList;
			buildConfigurations = (
				4AA2DEFA2C4AC3AE0065448C /* Debug */,
				4AA2DEFB2C4AC3AE0065448C /* Release */,
			);
			defaultConfigurationIsVisible = 0;
			defaultConfigurationName = Release;
		};
		4AA2DEFC2C4AC3AE0065448C /* Build configuration list for PBXNativeTarget "BikeComputer" */ = {
			isa = XCConfigurationList;
			buildConfigurations = (
				4AA2DEFD2C4AC3AE0065448C /* Debug */,
				4AA2DEFE2C4AC3AE0065448C /* Release */,
			);
			defaultConfigurationIsVisible = 0;
			defaultConfigurationName = Release;
		};
		4AA2DEFF2C4AC3AE0065448C /* Build configuration list for PBXNativeTarget "BikeComputerTests" */ = {
			isa = XCConfigurationList;
			buildConfigurations = (
				4AA2DF002C4AC3AE0065448C /* Debug */,
				4AA2DF012C4AC3AE0065448C /* Release */,
			);
			defaultConfigurationIsVisible = 0;
			defaultConfigurationName = Release;
		};
		4AA2DF022C4AC3AE0065448C /* Build configuration list for PBXNativeTarget "BikeComputerUITests" */ = {
			isa = XCConfigurationList;
			buildConfigurations = (
				4AA2DF032C4AC3AE0065448C /* Debug */,
				4AA2DF042C4AC3AE0065448C /* Release */,
			);
			defaultConfigurationIsVisible = 0;
			defaultConfigurationName = Release;
		};
/* End XCConfigurationList section */
	};
	rootObject = 4AA2DED02C4AC3AC0065448C /* Project object */;
}
